// !$*UTF8*$!
{
	archiveVersion = 1;
	classes = {
	};
	objectVersion = 46;
	objects = {

/* Begin PBXBuildFile section */
		E67B335C1BD0B365006BEC95 /* AppDelegate.swift in Sources */ = {isa = PBXBuildFile; fileRef = E67B335B1BD0B365006BEC95 /* AppDelegate.swift */; };
		E67B335E1BD0B365006BEC95 /* ViewController.swift in Sources */ = {isa = PBXBuildFile; fileRef = E67B335D1BD0B365006BEC95 /* ViewController.swift */; };
		E67B33611BD0B365006BEC95 /* Main.storyboard in Resources */ = {isa = PBXBuildFile; fileRef = E67B335F1BD0B365006BEC95 /* Main.storyboard */; };
		E67B33631BD0B365006BEC95 /* Assets.xcassets in Resources */ = {isa = PBXBuildFile; fileRef = E67B33621BD0B365006BEC95 /* Assets.xcassets */; };
		E67B33661BD0B365006BEC95 /* LaunchScreen.storyboard in Resources */ = {isa = PBXBuildFile; fileRef = E67B33641BD0B365006BEC95 /* LaunchScreen.storyboard */; };
		E67B33711BD0B365006BEC95 /* StarterAppTests.swift in Sources */ = {isa = PBXBuildFile; fileRef = E67B33701BD0B365006BEC95 /* StarterAppTests.swift */; };
		E67B337C1BD0B365006BEC95 /* StarterAppUITests.swift in Sources */ = {isa = PBXBuildFile; fileRef = E67B337B1BD0B365006BEC95 /* StarterAppUITests.swift */; };
/* End PBXBuildFile section */

/* Begin PBXContainerItemProxy section */
		E67B336D1BD0B365006BEC95 /* PBXContainerItemProxy */ = {
			isa = PBXContainerItemProxy;
			containerPortal = E67B33501BD0B365006BEC95 /* Project object */;
			proxyType = 1;
			remoteGlobalIDString = E67B33571BD0B365006BEC95;
			remoteInfo = StarterApp;
		};
		E67B33781BD0B365006BEC95 /* PBXContainerItemProxy */ = {
			isa = PBXContainerItemProxy;
			containerPortal = E67B33501BD0B365006BEC95 /* Project object */;
			proxyType = 1;
			remoteGlobalIDString = E67B33571BD0B365006BEC95;
			remoteInfo = StarterApp;
		};
/* End PBXContainerItemProxy section */

/* Begin PBXFileReference section */
		E67B33581BD0B365006BEC95 /* StarterApp.app */ = {isa = PBXFileReference; explicitFileType = wrapper.application; includeInIndex = 0; path = StarterApp.app; sourceTree = BUILT_PRODUCTS_DIR; };
		E67B335B1BD0B365006BEC95 /* AppDelegate.swift */ = {isa = PBXFileReference; lastKnownFileType = sourcecode.swift; path = AppDelegate.swift; sourceTree = "<group>"; };
		E67B335D1BD0B365006BEC95 /* ViewController.swift */ = {isa = PBXFileReference; lastKnownFileType = sourcecode.swift; path = ViewController.swift; sourceTree = "<group>"; };
		E67B33601BD0B365006BEC95 /* Base */ = {isa = PBXFileReference; lastKnownFileType = file.storyboard; name = Base; path = Base.lproj/Main.storyboard; sourceTree = "<group>"; };
		E67B33621BD0B365006BEC95 /* Assets.xcassets */ = {isa = PBXFileReference; lastKnownFileType = folder.assetcatalog; path = Assets.xcassets; sourceTree = "<group>"; };
		E67B33651BD0B365006BEC95 /* Base */ = {isa = PBXFileReference; lastKnownFileType = file.storyboard; name = Base; path = Base.lproj/LaunchScreen.storyboard; sourceTree = "<group>"; };
		E67B33671BD0B365006BEC95 /* Info.plist */ = {isa = PBXFileReference; lastKnownFileType = text.plist.xml; path = Info.plist; sourceTree = "<group>"; };
		E67B336C1BD0B365006BEC95 /* StarterAppTests.xctest */ = {isa = PBXFileReference; explicitFileType = wrapper.cfbundle; includeInIndex = 0; path = StarterAppTests.xctest; sourceTree = BUILT_PRODUCTS_DIR; };
		E67B33701BD0B365006BEC95 /* StarterAppTests.swift */ = {isa = PBXFileReference; lastKnownFileType = sourcecode.swift; path = StarterAppTests.swift; sourceTree = "<group>"; };
		E67B33721BD0B365006BEC95 /* Info.plist */ = {isa = PBXFileReference; lastKnownFileType = text.plist.xml; path = Info.plist; sourceTree = "<group>"; };
		E67B33771BD0B365006BEC95 /* StarterAppUITests.xctest */ = {isa = PBXFileReference; explicitFileType = wrapper.cfbundle; includeInIndex = 0; path = StarterAppUITests.xctest; sourceTree = BUILT_PRODUCTS_DIR; };
		E67B337B1BD0B365006BEC95 /* StarterAppUITests.swift */ = {isa = PBXFileReference; lastKnownFileType = sourcecode.swift; path = StarterAppUITests.swift; sourceTree = "<group>"; };
		E67B337D1BD0B365006BEC95 /* Info.plist */ = {isa = PBXFileReference; lastKnownFileType = text.plist.xml; path = Info.plist; sourceTree = "<group>"; };
/* End PBXFileReference section */

/* Begin PBXFrameworksBuildPhase section */
		E67B33551BD0B365006BEC95 /* Frameworks */ = {
			isa = PBXFrameworksBuildPhase;
			buildActionMask = 2147483647;
			files = (
			);
			runOnlyForDeploymentPostprocessing = 0;
		};
		E67B33691BD0B365006BEC95 /* Frameworks */ = {
			isa = PBXFrameworksBuildPhase;
			buildActionMask = 2147483647;
			files = (
			);
			runOnlyForDeploymentPostprocessing = 0;
		};
		E67B33741BD0B365006BEC95 /* Frameworks */ = {
			isa = PBXFrameworksBuildPhase;
			buildActionMask = 2147483647;
			files = (
			);
			runOnlyForDeploymentPostprocessing = 0;
		};
/* End PBXFrameworksBuildPhase section */

/* Begin PBXGroup section */
		E67B334F1BD0B365006BEC95 = {
			isa = PBXGroup;
			children = (
				E67B335A1BD0B365006BEC95 /* StarterApp */,
				E67B336F1BD0B365006BEC95 /* StarterAppTests */,
				E67B337A1BD0B365006BEC95 /* StarterAppUITests */,
				E67B33591BD0B365006BEC95 /* Products */,
			);
			sourceTree = "<group>";
		};
		E67B33591BD0B365006BEC95 /* Products */ = {
			isa = PBXGroup;
			children = (
				E67B33581BD0B365006BEC95 /* StarterApp.app */,
				E67B336C1BD0B365006BEC95 /* StarterAppTests.xctest */,
				E67B33771BD0B365006BEC95 /* StarterAppUITests.xctest */,
			);
			name = Products;
			sourceTree = "<group>";
		};
		E67B335A1BD0B365006BEC95 /* StarterApp */ = {
			isa = PBXGroup;
			children = (
				E67B335B1BD0B365006BEC95 /* AppDelegate.swift */,
				E67B335D1BD0B365006BEC95 /* ViewController.swift */,
				E67B335F1BD0B365006BEC95 /* Main.storyboard */,
				E67B33621BD0B365006BEC95 /* Assets.xcassets */,
				E67B33641BD0B365006BEC95 /* LaunchScreen.storyboard */,
				E67B33671BD0B365006BEC95 /* Info.plist */,
			);
			path = StarterApp;
			sourceTree = "<group>";
		};
		E67B336F1BD0B365006BEC95 /* StarterAppTests */ = {
			isa = PBXGroup;
			children = (
				E67B33701BD0B365006BEC95 /* StarterAppTests.swift */,
				E67B33721BD0B365006BEC95 /* Info.plist */,
			);
			path = StarterAppTests;
			sourceTree = "<group>";
		};
		E67B337A1BD0B365006BEC95 /* StarterAppUITests */ = {
			isa = PBXGroup;
			children = (
				E67B337B1BD0B365006BEC95 /* StarterAppUITests.swift */,
				E67B337D1BD0B365006BEC95 /* Info.plist */,
			);
			path = StarterAppUITests;
			sourceTree = "<group>";
		};
/* End PBXGroup section */

/* Begin PBXNativeTarget section */
		E67B33571BD0B365006BEC95 /* StarterApp */ = {
			isa = PBXNativeTarget;
			buildConfigurationList = E67B33801BD0B365006BEC95 /* Build configuration list for PBXNativeTarget "StarterApp" */;
			buildPhases = (
				E67B33541BD0B365006BEC95 /* Sources */,
				E67B33551BD0B365006BEC95 /* Frameworks */,
				E67B33561BD0B365006BEC95 /* Resources */,
			);
			buildRules = (
			);
			dependencies = (
			);
			name = StarterApp;
			productName = StarterApp;
			productReference = E67B33581BD0B365006BEC95 /* StarterApp.app */;
			productType = "com.apple.product-type.application";
		};
		E67B336B1BD0B365006BEC95 /* StarterAppTests */ = {
			isa = PBXNativeTarget;
			buildConfigurationList = E67B33831BD0B365006BEC95 /* Build configuration list for PBXNativeTarget "StarterAppTests" */;
			buildPhases = (
				E67B33681BD0B365006BEC95 /* Sources */,
				E67B33691BD0B365006BEC95 /* Frameworks */,
				E67B336A1BD0B365006BEC95 /* Resources */,
			);
			buildRules = (
			);
			dependencies = (
				E67B336E1BD0B365006BEC95 /* PBXTargetDependency */,
			);
			name = StarterAppTests;
			productName = StarterAppTests;
			productReference = E67B336C1BD0B365006BEC95 /* StarterAppTests.xctest */;
			productType = "com.apple.product-type.bundle.unit-test";
		};
		E67B33761BD0B365006BEC95 /* StarterAppUITests */ = {
			isa = PBXNativeTarget;
			buildConfigurationList = E67B33861BD0B365006BEC95 /* Build configuration list for PBXNativeTarget "StarterAppUITests" */;
			buildPhases = (
				E67B33731BD0B365006BEC95 /* Sources */,
				E67B33741BD0B365006BEC95 /* Frameworks */,
				E67B33751BD0B365006BEC95 /* Resources */,
			);
			buildRules = (
			);
			dependencies = (
				E67B33791BD0B365006BEC95 /* PBXTargetDependency */,
			);
			name = StarterAppUITests;
			productName = StarterAppUITests;
			productReference = E67B33771BD0B365006BEC95 /* StarterAppUITests.xctest */;
			productType = "com.apple.product-type.bundle.ui-testing";
		};
/* End PBXNativeTarget section */

/* Begin PBXProject section */
		E67B33501BD0B365006BEC95 /* Project object */ = {
			isa = PBXProject;
			attributes = {
				LastUpgradeCheck = 0700;
				ORGANIZATIONNAME = Pandeu;
				TargetAttributes = {
					E67B33571BD0B365006BEC95 = {
						CreatedOnToolsVersion = 7.0.1;
						DevelopmentTeam = FQL8N3P8FB;
					};
					E67B336B1BD0B365006BEC95 = {
						CreatedOnToolsVersion = 7.0.1;
						DevelopmentTeam = FQL8N3P8FB;
						TestTargetID = E67B33571BD0B365006BEC95;
					};
					E67B33761BD0B365006BEC95 = {
						CreatedOnToolsVersion = 7.0.1;
						DevelopmentTeam = FQL8N3P8FB;
						TestTargetID = E67B33571BD0B365006BEC95;
					};
				};
			};
			buildConfigurationList = E67B33531BD0B365006BEC95 /* Build configuration list for PBXProject "StarterApp" */;
			compatibilityVersion = "Xcode 3.2";
			developmentRegion = English;
			hasScannedForEncodings = 0;
			knownRegions = (
				en,
				Base,
			);
			mainGroup = E67B334F1BD0B365006BEC95;
			productRefGroup = E67B33591BD0B365006BEC95 /* Products */;
			projectDirPath = "";
			projectRoot = "";
			targets = (
				E67B33571BD0B365006BEC95 /* StarterApp */,
				E67B336B1BD0B365006BEC95 /* StarterAppTests */,
				E67B33761BD0B365006BEC95 /* StarterAppUITests */,
			);
		};
/* End PBXProject section */

/* Begin PBXResourcesBuildPhase section */
		E67B33561BD0B365006BEC95 /* Resources */ = {
			isa = PBXResourcesBuildPhase;
			buildActionMask = 2147483647;
			files = (
				E67B33661BD0B365006BEC95 /* LaunchScreen.storyboard in Resources */,
				E67B33631BD0B365006BEC95 /* Assets.xcassets in Resources */,
				E67B33611BD0B365006BEC95 /* Main.storyboard in Resources */,
			);
			runOnlyForDeploymentPostprocessing = 0;
		};
		E67B336A1BD0B365006BEC95 /* Resources */ = {
			isa = PBXResourcesBuildPhase;
			buildActionMask = 2147483647;
			files = (
			);
			runOnlyForDeploymentPostprocessing = 0;
		};
		E67B33751BD0B365006BEC95 /* Resources */ = {
			isa = PBXResourcesBuildPhase;
			buildActionMask = 2147483647;
			files = (
			);
			runOnlyForDeploymentPostprocessing = 0;
		};
/* End PBXResourcesBuildPhase section */

/* Begin PBXSourcesBuildPhase section */
		E67B33541BD0B365006BEC95 /* Sources */ = {
			isa = PBXSourcesBuildPhase;
			buildActionMask = 2147483647;
			files = (
				E67B335E1BD0B365006BEC95 /* ViewController.swift in Sources */,
				E67B335C1BD0B365006BEC95 /* AppDelegate.swift in Sources */,
			);
			runOnlyForDeploymentPostprocessing = 0;
		};
		E67B33681BD0B365006BEC95 /* Sources */ = {
			isa = PBXSourcesBuildPhase;
			buildActionMask = 2147483647;
			files = (
				E67B33711BD0B365006BEC95 /* StarterAppTests.swift in Sources */,
			);
			runOnlyForDeploymentPostprocessing = 0;
		};
		E67B33731BD0B365006BEC95 /* Sources */ = {
			isa = PBXSourcesBuildPhase;
			buildActionMask = 2147483647;
			files = (
				E67B337C1BD0B365006BEC95 /* StarterAppUITests.swift in Sources */,
			);
			runOnlyForDeploymentPostprocessing = 0;
		};
/* End PBXSourcesBuildPhase section */

/* Begin PBXTargetDependency section */
		E67B336E1BD0B365006BEC95 /* PBXTargetDependency */ = {
			isa = PBXTargetDependency;
			target = E67B33571BD0B365006BEC95 /* StarterApp */;
			targetProxy = E67B336D1BD0B365006BEC95 /* PBXContainerItemProxy */;
		};
		E67B33791BD0B365006BEC95 /* PBXTargetDependency */ = {
			isa = PBXTargetDependency;
			target = E67B33571BD0B365006BEC95 /* StarterApp */;
			targetProxy = E67B33781BD0B365006BEC95 /* PBXContainerItemProxy */;
		};
/* End PBXTargetDependency section */

/* Begin PBXVariantGroup section */
		E67B335F1BD0B365006BEC95 /* Main.storyboard */ = {
			isa = PBXVariantGroup;
			children = (
				E67B33601BD0B365006BEC95 /* Base */,
			);
			name = Main.storyboard;
			sourceTree = "<group>";
		};
		E67B33641BD0B365006BEC95 /* LaunchScreen.storyboard */ = {
			isa = PBXVariantGroup;
			children = (
				E67B33651BD0B365006BEC95 /* Base */,
			);
			name = LaunchScreen.storyboard;
			sourceTree = "<group>";
		};
/* End PBXVariantGroup section */

/* Begin XCBuildConfiguration section */
		E67B337E1BD0B365006BEC95 /* Debug */ = {
			isa = XCBuildConfiguration;
			buildSettings = {
				ALWAYS_SEARCH_USER_PATHS = NO;
				CLANG_CXX_LANGUAGE_STANDARD = "gnu++0x";
				CLANG_CXX_LIBRARY = "libc++";
				CLANG_ENABLE_MODULES = YES;
				CLANG_ENABLE_OBJC_ARC = YES;
				CLANG_WARN_BOOL_CONVERSION = YES;
				CLANG_WARN_CONSTANT_CONVERSION = YES;
				CLANG_WARN_DIRECT_OBJC_ISA_USAGE = YES_ERROR;
				CLANG_WARN_EMPTY_BODY = YES;
				CLANG_WARN_ENUM_CONVERSION = YES;
				CLANG_WARN_INT_CONVERSION = YES;
				CLANG_WARN_OBJC_ROOT_CLASS = YES_ERROR;
				CLANG_WARN_UNREACHABLE_CODE = YES;
				CLANG_WARN__DUPLICATE_METHOD_MATCH = YES;
				"CODE_SIGN_IDENTITY[sdk=iphoneos*]" = "iPhone Developer";
				COPY_PHASE_STRIP = NO;
				DEBUG_INFORMATION_FORMAT = dwarf;
				ENABLE_STRICT_OBJC_MSGSEND = YES;
				ENABLE_TESTABILITY = YES;
				GCC_C_LANGUAGE_STANDARD = gnu99;
				GCC_DYNAMIC_NO_PIC = NO;
				GCC_NO_COMMON_BLOCKS = YES;
				GCC_OPTIMIZATION_LEVEL = 0;
				GCC_PREPROCESSOR_DEFINITIONS = (
					"DEBUG=1",
					"$(inherited)",
				);
				GCC_WARN_64_TO_32_BIT_CONVERSION = YES;
				GCC_WARN_ABOUT_RETURN_TYPE = YES_ERROR;
				GCC_WARN_UNDECLARED_SELECTOR = YES;
				GCC_WARN_UNINITIALIZED_AUTOS = YES_AGGRESSIVE;
				GCC_WARN_UNUSED_FUNCTION = YES;
				GCC_WARN_UNUSED_VARIABLE = YES;
				IPHONEOS_DEPLOYMENT_TARGET = 9.0;
				MTL_ENABLE_DEBUG_INFO = YES;
				ONLY_ACTIVE_ARCH = YES;
				SDKROOT = iphoneos;
				SWIFT_OPTIMIZATION_LEVEL = "-Onone";
			};
			name = Debug;
		};
		E67B337F1BD0B365006BEC95 /* Release */ = {
			isa = XCBuildConfiguration;
			buildSettings = {
				ALWAYS_SEARCH_USER_PATHS = NO;
				CLANG_CXX_LANGUAGE_STANDARD = "gnu++0x";
				CLANG_CXX_LIBRARY = "libc++";
				CLANG_ENABLE_MODULES = YES;
				CLANG_ENABLE_OBJC_ARC = YES;
				CLANG_WARN_BOOL_CONVERSION = YES;
				CLANG_WARN_CONSTANT_CONVERSION = YES;
				CLANG_WARN_DIRECT_OBJC_ISA_USAGE = YES_ERROR;
				CLANG_WARN_EMPTY_BODY = YES;
				CLANG_WARN_ENUM_CONVERSION = YES;
				CLANG_WARN_INT_CONVERSION = YES;
				CLANG_WARN_OBJC_ROOT_CLASS = YES_ERROR;
				CLANG_WARN_UNREACHABLE_CODE = YES;
				CLANG_WARN__DUPLICATE_METHOD_MATCH = YES;
				"CODE_SIGN_IDENTITY[sdk=iphoneos*]" = "iPhone Developer";
				COPY_PHASE_STRIP = NO;
				DEBUG_INFORMATION_FORMAT = "dwarf-with-dsym";
				ENABLE_NS_ASSERTIONS = NO;
				ENABLE_STRICT_OBJC_MSGSEND = YES;
				GCC_C_LANGUAGE_STANDARD = gnu99;
				GCC_NO_COMMON_BLOCKS = YES;
				GCC_WARN_64_TO_32_BIT_CONVERSION = YES;
				GCC_WARN_ABOUT_RETURN_TYPE = YES_ERROR;
				GCC_WARN_UNDECLARED_SELECTOR = YES;
				GCC_WARN_UNINITIALIZED_AUTOS = YES_AGGRESSIVE;
				GCC_WARN_UNUSED_FUNCTION = YES;
				GCC_WARN_UNUSED_VARIABLE = YES;
				IPHONEOS_DEPLOYMENT_TARGET = 9.0;
				MTL_ENABLE_DEBUG_INFO = NO;
				SDKROOT = iphoneos;
				VALIDATE_PRODUCT = YES;
			};
			name = Release;
		};
		E67B33811BD0B365006BEC95 /* Debug */ = {
			isa = XCBuildConfiguration;
			buildSettings = {
				ASSETCATALOG_COMPILER_APPICON_NAME = AppIcon;
				INFOPLIST_FILE = StarterApp/Info.plist;
				LD_RUNPATH_SEARCH_PATHS = "$(inherited) @executable_path/Frameworks";
				PRODUCT_BUNDLE_IDENTIFIER = Pandeu.StarterApp;
				PRODUCT_NAME = "$(TARGET_NAME)";
			};
			name = Debug;
		};
		E67B33821BD0B365006BEC95 /* Release */ = {
			isa = XCBuildConfiguration;
			buildSettings = {
				ASSETCATALOG_COMPILER_APPICON_NAME = AppIcon;
				INFOPLIST_FILE = StarterApp/Info.plist;
				LD_RUNPATH_SEARCH_PATHS = "$(inherited) @executable_path/Frameworks";
				PRODUCT_BUNDLE_IDENTIFIER = Pandeu.StarterApp;
				PRODUCT_NAME = "$(TARGET_NAME)";
			};
			name = Release;
		};
		E67B33841BD0B365006BEC95 /* Debug */ = {
			isa = XCBuildConfiguration;
			buildSettings = {
				BUNDLE_LOADER = "$(TEST_HOST)";
				INFOPLIST_FILE = StarterAppTests/Info.plist;
				LD_RUNPATH_SEARCH_PATHS = "$(inherited) @executable_path/Frameworks @loader_path/Frameworks";
				PRODUCT_BUNDLE_IDENTIFIER = Pandeu.StarterAppTests;
				PRODUCT_NAME = "$(TARGET_NAME)";
				TEST_HOST = "$(BUILT_PRODUCTS_DIR)/StarterApp.app/StarterApp";
			};
			name = Debug;
		};
		E67B33851BD0B365006BEC95 /* Release */ = {
			isa = XCBuildConfiguration;
			buildSettings = {
				BUNDLE_LOADER = "$(TEST_HOST)";
				INFOPLIST_FILE = StarterAppTests/Info.plist;
				LD_RUNPATH_SEARCH_PATHS = "$(inherited) @executable_path/Frameworks @loader_path/Frameworks";
				PRODUCT_BUNDLE_IDENTIFIER = Pandeu.StarterAppTests;
				PRODUCT_NAME = "$(TARGET_NAME)";
				TEST_HOST = "$(BUILT_PRODUCTS_DIR)/StarterApp.app/StarterApp";
			};
			name = Release;
		};
		E67B33871BD0B365006BEC95 /* Debug */ = {
			isa = XCBuildConfiguration;
			buildSettings = {
				INFOPLIST_FILE = StarterAppUITests/Info.plist;
				LD_RUNPATH_SEARCH_PATHS = "$(inherited) @executable_path/Frameworks @loader_path/Frameworks";
				PRODUCT_BUNDLE_IDENTIFIER = Pandeu.StarterAppUITests;
				PRODUCT_NAME = "$(TARGET_NAME)";
				TEST_TARGET_NAME = StarterApp;
				USES_XCTRUNNER = YES;
			};
			name = Debug;
		};
		E67B33881BD0B365006BEC95 /* Release */ = {
			isa = XCBuildConfiguration;
			buildSettings = {
				INFOPLIST_FILE = StarterAppUITests/Info.plist;
				LD_RUNPATH_SEARCH_PATHS = "$(inherited) @executable_path/Frameworks @loader_path/Frameworks";
				PRODUCT_BUNDLE_IDENTIFIER = Pandeu.StarterAppUITests;
				PRODUCT_NAME = "$(TARGET_NAME)";
				TEST_TARGET_NAME = StarterApp;
				USES_XCTRUNNER = YES;
			};
			name = Release;
		};
/* End XCBuildConfiguration section */

/* Begin XCConfigurationList section */
		E67B33531BD0B365006BEC95 /* Build configuration list for PBXProject "StarterApp" */ = {
			isa = XCConfigurationList;
			buildConfigurations = (
				E67B337E1BD0B365006BEC95 /* Debug */,
				E67B337F1BD0B365006BEC95 /* Release */,
			);
			defaultConfigurationIsVisible = 0;
			defaultConfigurationName = Release;
		};
		E67B33801BD0B365006BEC95 /* Build configuration list for PBXNativeTarget "StarterApp" */ = {
			isa = XCConfigurationList;
			buildConfigurations = (
				E67B33811BD0B365006BEC95 /* Debug */,
				E67B33821BD0B365006BEC95 /* Release */,
			);
			defaultConfigurationIsVisible = 0;
		};
		E67B33831BD0B365006BEC95 /* Build configuration list for PBXNativeTarget "StarterAppTests" */ = {
			isa = XCConfigurationList;
			buildConfigurations = (
				E67B33841BD0B365006BEC95 /* Debug */,
				E67B33851BD0B365006BEC95 /* Release */,
			);
			defaultConfigurationIsVisible = 0;
		};
		E67B33861BD0B365006BEC95 /* Build configuration list for PBXNativeTarget "StarterAppUITests" */ = {
			isa = XCConfigurationList;
			buildConfigurations = (
				E67B33871BD0B365006BEC95 /* Debug */,
				E67B33881BD0B365006BEC95 /* Release */,
			);
			defaultConfigurationIsVisible = 0;
		};
/* End XCConfigurationList section */
	};
	rootObject = E67B33501BD0B365006BEC95 /* Project object */;
}
